// !$*UTF8*$!
{
	archiveVersion = 1;
	classes = {
	};
	objectVersion = 46;
	objects = {

/* Begin PBXBuildFile section */
		A5D206131A27407100B1F915 /* AppDelegate.swift in Sources */ = {isa = PBXBuildFile; fileRef = A5D206121A27407100B1F915 /* AppDelegate.swift */; };
		A5D206151A27407100B1F915 /* ViewController.swift in Sources */ = {isa = PBXBuildFile; fileRef = A5D206141A27407100B1F915 /* ViewController.swift */; };
		A5D206181A27407100B1F915 /* Main.storyboard in Resources */ = {isa = PBXBuildFile; fileRef = A5D206161A27407100B1F915 /* Main.storyboard */; };
		A5D2061A1A27407100B1F915 /* Images.xcassets in Resources */ = {isa = PBXBuildFile; fileRef = A5D206191A27407100B1F915 /* Images.xcassets */; };
		A5D2061D1A27407100B1F915 /* LaunchScreen.xib in Resources */ = {isa = PBXBuildFile; fileRef = A5D2061B1A27407100B1F915 /* LaunchScreen.xib */; };
		A5D206291A27407200B1F915 /* StretchyHeadersTests.swift in Sources */ = {isa = PBXBuildFile; fileRef = A5D206281A27407200B1F915 /* StretchyHeadersTests.swift */; };
/* End PBXBuildFile section */

/* Begin PBXContainerItemProxy section */
		A5D206231A27407100B1F915 /* PBXContainerItemProxy */ = {
			isa = PBXContainerItemProxy;
			containerPortal = A5D206051A27407100B1F915 /* Project object */;
			proxyType = 1;
			remoteGlobalIDString = A5D2060C1A27407100B1F915;
			remoteInfo = StretchyHeaders;
		};
/* End PBXContainerItemProxy section */

/* Begin PBXFileReference section */
		A5D2060D1A27407100B1F915 /* StretchyHeaders.app */ = {isa = PBXFileReference; explicitFileType = wrapper.application; includeInIndex = 0; path = StretchyHeaders.app; sourceTree = BUILT_PRODUCTS_DIR; };
		A5D206111A27407100B1F915 /* Info.plist */ = {isa = PBXFileReference; lastKnownFileType = text.plist.xml; path = Info.plist; sourceTree = "<group>"; };
		A5D206121A27407100B1F915 /* AppDelegate.swift */ = {isa = PBXFileReference; lastKnownFileType = sourcecode.swift; path = AppDelegate.swift; sourceTree = "<group>"; };
		A5D206141A27407100B1F915 /* ViewController.swift */ = {isa = PBXFileReference; lastKnownFileType = sourcecode.swift; path = ViewController.swift; sourceTree = "<group>"; };
		A5D206171A27407100B1F915 /* Base */ = {isa = PBXFileReference; lastKnownFileType = file.storyboard; name = Base; path = Base.lproj/Main.storyboard; sourceTree = "<group>"; };
		A5D206191A27407100B1F915 /* Images.xcassets */ = {isa = PBXFileReference; lastKnownFileType = folder.assetcatalog; path = Images.xcassets; sourceTree = "<group>"; };
		A5D2061C1A27407100B1F915 /* Base */ = {isa = PBXFileReference; lastKnownFileType = file.xib; name = Base; path = Base.lproj/LaunchScreen.xib; sourceTree = "<group>"; };
		A5D206221A27407100B1F915 /* StretchyHeadersTests.xctest */ = {isa = PBXFileReference; explicitFileType = wrapper.cfbundle; includeInIndex = 0; path = StretchyHeadersTests.xctest; sourceTree = BUILT_PRODUCTS_DIR; };
		A5D206271A27407200B1F915 /* Info.plist */ = {isa = PBXFileReference; lastKnownFileType = text.plist.xml; path = Info.plist; sourceTree = "<group>"; };
		A5D206281A27407200B1F915 /* StretchyHeadersTests.swift */ = {isa = PBXFileReference; lastKnownFileType = sourcecode.swift; path = StretchyHeadersTests.swift; sourceTree = "<group>"; };
/* End PBXFileReference section */

/* Begin PBXFrameworksBuildPhase section */
		A5D2060A1A27407100B1F915 /* Frameworks */ = {
			isa = PBXFrameworksBuildPhase;
			buildActionMask = 2147483647;
			files = (
			);
			runOnlyForDeploymentPostprocessing = 0;
		};
		A5D2061F1A27407100B1F915 /* Frameworks */ = {
			isa = PBXFrameworksBuildPhase;
			buildActionMask = 2147483647;
			files = (
			);
			runOnlyForDeploymentPostprocessing = 0;
		};
/* End PBXFrameworksBuildPhase section */

/* Begin PBXGroup section */
		A5D206041A27407100B1F915 = {
			isa = PBXGroup;
			children = (
				A5D2060F1A27407100B1F915 /* StretchyHeaders */,
				A5D206251A27407100B1F915 /* StretchyHeadersTests */,
				A5D2060E1A27407100B1F915 /* Products */,
			);
			sourceTree = "<group>";
		};
		A5D2060E1A27407100B1F915 /* Products */ = {
			isa = PBXGroup;
			children = (
				A5D2060D1A27407100B1F915 /* StretchyHeaders.app */,
				A5D206221A27407100B1F915 /* StretchyHeadersTests.xctest */,
			);
			name = Products;
			sourceTree = "<group>";
		};
		A5D2060F1A27407100B1F915 /* StretchyHeaders */ = {
			isa = PBXGroup;
			children = (
				A5D206121A27407100B1F915 /* AppDelegate.swift */,
				A5D206141A27407100B1F915 /* ViewController.swift */,
				A5D206161A27407100B1F915 /* Main.storyboard */,
				A5D206191A27407100B1F915 /* Images.xcassets */,
				A5D2061B1A27407100B1F915 /* LaunchScreen.xib */,
				A5D206101A27407100B1F915 /* Supporting Files */,
			);
			path = StretchyHeaders;
			sourceTree = "<group>";
		};
		A5D206101A27407100B1F915 /* Supporting Files */ = {
			isa = PBXGroup;
			children = (
				A5D206111A27407100B1F915 /* Info.plist */,
			);
			name = "Supporting Files";
			sourceTree = "<group>";
		};
		A5D206251A27407100B1F915 /* StretchyHeadersTests */ = {
			isa = PBXGroup;
			children = (
				A5D206281A27407200B1F915 /* StretchyHeadersTests.swift */,
				A5D206261A27407200B1F915 /* Supporting Files */,
			);
			path = StretchyHeadersTests;
			sourceTree = "<group>";
		};
		A5D206261A27407200B1F915 /* Supporting Files */ = {
			isa = PBXGroup;
			children = (
				A5D206271A27407200B1F915 /* Info.plist */,
			);
			name = "Supporting Files";
			sourceTree = "<group>";
		};
/* End PBXGroup section */

/* Begin PBXNativeTarget section */
		A5D2060C1A27407100B1F915 /* StretchyHeaders */ = {
			isa = PBXNativeTarget;
			buildConfigurationList = A5D2062C1A27407200B1F915 /* Build configuration list for PBXNativeTarget "StretchyHeaders" */;
			buildPhases = (
				A5D206091A27407100B1F915 /* Sources */,
				A5D2060A1A27407100B1F915 /* Frameworks */,
				A5D2060B1A27407100B1F915 /* Resources */,
			);
			buildRules = (
			);
			dependencies = (
			);
			name = StretchyHeaders;
			productName = StretchyHeaders;
			productReference = A5D2060D1A27407100B1F915 /* StretchyHeaders.app */;
			productType = "com.apple.product-type.application";
		};
		A5D206211A27407100B1F915 /* StretchyHeadersTests */ = {
			isa = PBXNativeTarget;
			buildConfigurationList = A5D2062F1A27407200B1F915 /* Build configuration list for PBXNativeTarget "StretchyHeadersTests" */;
			buildPhases = (
				A5D2061E1A27407100B1F915 /* Sources */,
				A5D2061F1A27407100B1F915 /* Frameworks */,
				A5D206201A27407100B1F915 /* Resources */,
			);
			buildRules = (
			);
			dependencies = (
				A5D206241A27407100B1F915 /* PBXTargetDependency */,
			);
			name = StretchyHeadersTests;
			productName = StretchyHeadersTests;
			productReference = A5D206221A27407100B1F915 /* StretchyHeadersTests.xctest */;
			productType = "com.apple.product-type.bundle.unit-test";
		};
/* End PBXNativeTarget section */

/* Begin PBXProject section */
		A5D206051A27407100B1F915 /* Project object */ = {
			isa = PBXProject;
			attributes = {
				LastUpgradeCheck = 0610;
				ORGANIZATIONNAME = "Romaniuk Sergey";
				TargetAttributes = {
					A5D2060C1A27407100B1F915 = {
						CreatedOnToolsVersion = 6.1;
					};
					A5D206211A27407100B1F915 = {
						CreatedOnToolsVersion = 6.1;
						TestTargetID = A5D2060C1A27407100B1F915;
					};
				};
			};
			buildConfigurationList = A5D206081A27407100B1F915 /* Build configuration list for PBXProject "StretchyHeaders" */;
			compatibilityVersion = "Xcode 3.2";
			developmentRegion = English;
			hasScannedForEncodings = 0;
			knownRegions = (
				en,
				Base,
			);
			mainGroup = A5D206041A27407100B1F915;
			productRefGroup = A5D2060E1A27407100B1F915 /* Products */;
			projectDirPath = "";
			projectRoot = "";
			targets = (
				A5D2060C1A27407100B1F915 /* StretchyHeaders */,
				A5D206211A27407100B1F915 /* StretchyHeadersTests */,
			);
		};
/* End PBXProject section */

/* Begin PBXResourcesBuildPhase section */
		A5D2060B1A27407100B1F915 /* Resources */ = {
			isa = PBXResourcesBuildPhase;
			buildActionMask = 2147483647;
			files = (
				A5D206181A27407100B1F915 /* Main.storyboard in Resources */,
				A5D2061D1A27407100B1F915 /* LaunchScreen.xib in Resources */,
				A5D2061A1A27407100B1F915 /* Images.xcassets in Resources */,
			);
			runOnlyForDeploymentPostprocessing = 0;
		};
		A5D206201A27407100B1F915 /* Resources */ = {
			isa = PBXResourcesBuildPhase;
			buildActionMask = 2147483647;
			files = (
			);
			runOnlyForDeploymentPostprocessing = 0;
		};
/* End PBXResourcesBuildPhase section */

/* Begin PBXSourcesBuildPhase section */
		A5D206091A27407100B1F915 /* Sources */ = {
			isa = PBXSourcesBuildPhase;
			buildActionMask = 2147483647;
			files = (
				A5D206151A27407100B1F915 /* ViewController.swift in Sources */,
				A5D206131A27407100B1F915 /* AppDelegate.swift in Sources */,
			);
			runOnlyForDeploymentPostprocessing = 0;
		};
		A5D2061E1A27407100B1F915 /* Sources */ = {
			isa = PBXSourcesBuildPhase;
			buildActionMask = 2147483647;
			files = (
				A5D206291A27407200B1F915 /* StretchyHeadersTests.swift in Sources */,
			);
			runOnlyForDeploymentPostprocessing = 0;
		};
/* End PBXSourcesBuildPhase section */

/* Begin PBXTargetDependency section */
		A5D206241A27407100B1F915 /* PBXTargetDependency */ = {
			isa = PBXTargetDependency;
			target = A5D2060C1A27407100B1F915 /* StretchyHeaders */;
			targetProxy = A5D206231A27407100B1F915 /* PBXContainerItemProxy */;
		};
/* End PBXTargetDependency section */

/* Begin PBXVariantGroup section */
		A5D206161A27407100B1F915 /* Main.storyboard */ = {
			isa = PBXVariantGroup;
			children = (
				A5D206171A27407100B1F915 /* Base */,
			);
			name = Main.storyboard;
			sourceTree = "<group>";
		};
		A5D2061B1A27407100B1F915 /* LaunchScreen.xib */ = {
			isa = PBXVariantGroup;
			children = (
				A5D2061C1A27407100B1F915 /* Base */,
			);
			name = LaunchScreen.xib;
			sourceTree = "<group>";
		};
/* End PBXVariantGroup section */

/* Begin XCBuildConfiguration section */
		A5D2062A1A27407200B1F915 /* Debug */ = {
			isa = XCBuildConfiguration;
			buildSettings = {
				ALWAYS_SEARCH_USER_PATHS = NO;
				CLANG_CXX_LANGUAGE_STANDARD = "gnu++0x";
				CLANG_CXX_LIBRARY = "libc++";
				CLANG_ENABLE_MODULES = YES;
				CLANG_ENABLE_OBJC_ARC = YES;
				CLANG_WARN_BOOL_CONVERSION = YES;
				CLANG_WARN_CONSTANT_CONVERSION = YES;
				CLANG_WARN_DIRECT_OBJC_ISA_USAGE = YES_ERROR;
				CLANG_WARN_EMPTY_BODY = YES;
				CLANG_WARN_ENUM_CONVERSION = YES;
				CLANG_WARN_INT_CONVERSION = YES;
				CLANG_WARN_OBJC_ROOT_CLASS = YES_ERROR;
				CLANG_WARN_UNREACHABLE_CODE = YES;
				CLANG_WARN__DUPLICATE_METHOD_MATCH = YES;
				"CODE_SIGN_IDENTITY[sdk=iphoneos*]" = "iPhone Developer";
				COPY_PHASE_STRIP = NO;
				ENABLE_STRICT_OBJC_MSGSEND = YES;
				GCC_C_LANGUAGE_STANDARD = gnu99;
				GCC_DYNAMIC_NO_PIC = NO;
				GCC_OPTIMIZATION_LEVEL = 0;
				GCC_PREPROCESSOR_DEFINITIONS = (
					"DEBUG=1",
					"$(inherited)",
				);
				GCC_SYMBOLS_PRIVATE_EXTERN = NO;
				GCC_WARN_64_TO_32_BIT_CONVERSION = YES;
				GCC_WARN_ABOUT_RETURN_TYPE = YES_ERROR;
				GCC_WARN_UNDECLARED_SELECTOR = YES;
				GCC_WARN_UNINITIALIZED_AUTOS = YES_AGGRESSIVE;
				GCC_WARN_UNUSED_FUNCTION = YES;
				GCC_WARN_UNUSED_VARIABLE = YES;
				IPHONEOS_DEPLOYMENT_TARGET = 8.1;
				MTL_ENABLE_DEBUG_INFO = YES;
				ONLY_ACTIVE_ARCH = YES;
				SDKROOT = iphoneos;
				SWIFT_OPTIMIZATION_LEVEL = "-Onone";
			};
			name = Debug;
		};
		A5D2062B1A27407200B1F915 /* Release */ = {
			isa = XCBuildConfiguration;
			buildSettings = {
				ALWAYS_SEARCH_USER_PATHS = NO;
				CLANG_CXX_LANGUAGE_STANDARD = "gnu++0x";
				CLANG_CXX_LIBRARY = "libc++";
				CLANG_ENABLE_MODULES = YES;
				CLANG_ENABLE_OBJC_ARC = YES;
				CLANG_WARN_BOOL_CONVERSION = YES;
				CLANG_WARN_CONSTANT_CONVERSION = YES;
				CLANG_WARN_DIRECT_OBJC_ISA_USAGE = YES_ERROR;
				CLANG_WARN_EMPTY_BODY = YES;
				CLANG_WARN_ENUM_CONVERSION = YES;
				CLANG_WARN_INT_CONVERSION = YES;
				CLANG_WARN_OBJC_ROOT_CLASS = YES_ERROR;
				CLANG_WARN_UNREACHABLE_CODE = YES;
				CLANG_WARN__DUPLICATE_METHOD_MATCH = YES;
				"CODE_SIGN_IDENTITY[sdk=iphoneos*]" = "iPhone Developer";
				COPY_PHASE_STRIP = YES;
				ENABLE_NS_ASSERTIONS = NO;
				ENABLE_STRICT_OBJC_MSGSEND = YES;
				GCC_C_LANGUAGE_STANDARD = gnu99;
				GCC_WARN_64_TO_32_BIT_CONVERSION = YES;
				GCC_WARN_ABOUT_RETURN_TYPE = YES_ERROR;
				GCC_WARN_UNDECLARED_SELECTOR = YES;
				GCC_WARN_UNINITIALIZED_AUTOS = YES_AGGRESSIVE;
				GCC_WARN_UNUSED_FUNCTION = YES;
				GCC_WARN_UNUSED_VARIABLE = YES;
				IPHONEOS_DEPLOYMENT_TARGET = 8.1;
				MTL_ENABLE_DEBUG_INFO = NO;
				SDKROOT = iphoneos;
				VALIDATE_PRODUCT = YES;
			};
			name = Release;
		};
		A5D2062D1A27407200B1F915 /* Debug */ = {
			isa = XCBuildConfiguration;
			buildSettings = {
				ASSETCATALOG_COMPILER_APPICON_NAME = AppIcon;
				INFOPLIST_FILE = StretchyHeaders/Info.plist;
				LD_RUNPATH_SEARCH_PATHS = "$(inherited) @executable_path/Frameworks";
				PRODUCT_NAME = "$(TARGET_NAME)";
			};
			name = Debug;
		};
		A5D2062E1A27407200B1F915 /* Release */ = {
			isa = XCBuildConfiguration;
			buildSettings = {
				ASSETCATALOG_COMPILER_APPICON_NAME = AppIcon;
				INFOPLIST_FILE = StretchyHeaders/Info.plist;
				LD_RUNPATH_SEARCH_PATHS = "$(inherited) @executable_path/Frameworks";
				PRODUCT_NAME = "$(TARGET_NAME)";
			};
			name = Release;
		};
		A5D206301A27407200B1F915 /* Debug */ = {
			isa = XCBuildConfiguration;
			buildSettings = {
				BUNDLE_LOADER = "$(TEST_HOST)";
				FRAMEWORK_SEARCH_PATHS = (
					"$(SDKROOT)/Developer/Library/Frameworks",
					"$(inherited)",
				);
				GCC_PREPROCESSOR_DEFINITIONS = (
					"DEBUG=1",
					"$(inherited)",
				);
				INFOPLIST_FILE = StretchyHeadersTests/Info.plist;
				LD_RUNPATH_SEARCH_PATHS = "$(inherited) @executable_path/Frameworks @loader_path/Frameworks";
				PRODUCT_NAME = "$(TARGET_NAME)";
				TEST_HOST = "$(BUILT_PRODUCTS_DIR)/StretchyHeaders.app/StretchyHeaders";
			};
			name = Debug;
		};
		A5D206311A27407200B1F915 /* Release */ = {
			isa = XCBuildConfiguration;
			buildSettings = {
				BUNDLE_LOADER = "$(TEST_HOST)";
				FRAMEWORK_SEARCH_PATHS = (
					"$(SDKROOT)/Developer/Library/Frameworks",
					"$(inherited)",
				);
				INFOPLIST_FILE = StretchyHeadersTests/Info.plist;
				LD_RUNPATH_SEARCH_PATHS = "$(inherited) @executable_path/Frameworks @loader_path/Frameworks";
				PRODUCT_NAME = "$(TARGET_NAME)";
				TEST_HOST = "$(BUILT_PRODUCTS_DIR)/StretchyHeaders.app/StretchyHeaders";
			};
			name = Release;
		};
/* End XCBuildConfiguration section */

/* Begin XCConfigurationList section */
		A5D206081A27407100B1F915 /* Build configuration list for PBXProject "StretchyHeaders" */ = {
			isa = XCConfigurationList;
			buildConfigurations = (
				A5D2062A1A27407200B1F915 /* Debug */,
				A5D2062B1A27407200B1F915 /* Release */,
			);
			defaultConfigurationIsVisible = 0;
			defaultConfigurationName = Release;
		};
		A5D2062C1A27407200B1F915 /* Build configuration list for PBXNativeTarget "StretchyHeaders" */ = {
			isa = XCConfigurationList;
			buildConfigurations = (
				A5D2062D1A27407200B1F915 /* Debug */,
				A5D2062E1A27407200B1F915 /* Release */,
			);
			defaultConfigurationIsVisible = 0;
		};
		A5D2062F1A27407200B1F915 /* Build configuration list for PBXNativeTarget "StretchyHeadersTests" */ = {
			isa = XCConfigurationList;
			buildConfigurations = (
				A5D206301A27407200B1F915 /* Debug */,
				A5D206311A27407200B1F915 /* Release */,
			);
			defaultConfigurationIsVisible = 0;
		};
/* End XCConfigurationList section */
	};
	rootObject = A5D206051A27407100B1F915 /* Project object */;
}
